uuid: f35a5e0b-048f-41a0-b7c7-9d9780590e93
langcode: fr
status: false
dependencies:
  config:
    - views.view.who_s_online
  module:
    - views
  theme:
    - seven
id: views_block__who_s_online_who_s_online_block
theme: seven
region: content
weight: 0
provider: null
plugin: 'views_block:who_s_online-who_s_online_block'
settings:
  id: 'views_block:who_s_online-who_s_online_block'
  label: ''
  provider: views
  label_display: visible
  views_label: ''
  items_per_page: none
visibility: {  }
